// !$*UTF8*$!
{
	archiveVersion = 1;
	classes = {
	};
	objectVersion = 48;
	objects = {

/* Begin PBXBuildFile section */
		1AC66AA13E602016D20C11F0 /* Pods_LaundryView.framework in Frameworks */ = {isa = PBXBuildFile; fileRef = EE0C9EAF64AA7FE40ADD5E31 /* Pods_LaundryView.framework */; };
		3A2A48091B46ED30B0409B8C /* Pods_LaundryViewTests.framework in Frameworks */ = {isa = PBXBuildFile; fileRef = E0DF513F55A060D3FD5C3966 /* Pods_LaundryViewTests.framework */; };
		7473EC0728A0636B00D2A811 /* HomeTVC.swift in Sources */ = {isa = PBXBuildFile; fileRef = 7473EC0628A0636B00D2A811 /* HomeTVC.swift */; };
		7473EC0928A086E600D2A811 /* NSNotifications.swift in Sources */ = {isa = PBXBuildFile; fileRef = 7473EC0828A086E600D2A811 /* NSNotifications.swift */; };
		7473EC0D28A0BDAF00D2A811 /* TabBarController.swift in Sources */ = {isa = PBXBuildFile; fileRef = 7473EC0C28A0BDAF00D2A811 /* TabBarController.swift */; };
		9C7C363E64EFF5DA5C701E93 /* Pods_LaundryViewUITests.framework in Frameworks */ = {isa = PBXBuildFile; fileRef = EE9FF5AE20564283C59F224A /* Pods_LaundryViewUITests.framework */; };
		DDDF240F1F979D12007111A3 /* AppDelegate.swift in Sources */ = {isa = PBXBuildFile; fileRef = DDDF240E1F979D12007111A3 /* AppDelegate.swift */; };
		DDDF24141F979D12007111A3 /* Main.storyboard in Resources */ = {isa = PBXBuildFile; fileRef = DDDF24121F979D12007111A3 /* Main.storyboard */; };
		DDDF24161F979D12007111A3 /* Assets.xcassets in Resources */ = {isa = PBXBuildFile; fileRef = DDDF24151F979D12007111A3 /* Assets.xcassets */; };
		DDDF24191F979D12007111A3 /* LaunchScreen.storyboard in Resources */ = {isa = PBXBuildFile; fileRef = DDDF24171F979D12007111A3 /* LaunchScreen.storyboard */; };
		DDDF24241F979D13007111A3 /* LaundryViewTests.swift in Sources */ = {isa = PBXBuildFile; fileRef = DDDF24231F979D13007111A3 /* LaundryViewTests.swift */; };
		DDDF242F1F979D13007111A3 /* LaundryViewUITests.swift in Sources */ = {isa = PBXBuildFile; fileRef = DDDF242E1F979D13007111A3 /* LaundryViewUITests.swift */; };
		DDDF243D1F979FDE007111A3 /* LaundryRoom.swift in Sources */ = {isa = PBXBuildFile; fileRef = DDDF243C1F979FDE007111A3 /* LaundryRoom.swift */; };
		DDDF243F1F97A12D007111A3 /* Machine.swift in Sources */ = {isa = PBXBuildFile; fileRef = DDDF243E1F97A12D007111A3 /* Machine.swift */; };
		DDDF24421F97A2EE007111A3 /* School.swift in Sources */ = {isa = PBXBuildFile; fileRef = DDDF24411F97A2EE007111A3 /* School.swift */; };
		DDDF24811F97AD88007111A3 /* LaundryViewApiService.swift in Sources */ = {isa = PBXBuildFile; fileRef = DDDF24801F97AD88007111A3 /* LaundryViewApiService.swift */; };
		DDDF24861F97BC20007111A3 /* LaundryRoomTableViewController.swift in Sources */ = {isa = PBXBuildFile; fileRef = DDDF24851F97BC20007111A3 /* LaundryRoomTableViewController.swift */; };
		DDDF24881F97C2C9007111A3 /* MachinesViewController.swift in Sources */ = {isa = PBXBuildFile; fileRef = DDDF24871F97C2C9007111A3 /* MachinesViewController.swift */; };
		DDDF248A1F97DF68007111A3 /* MachineTableViewCell.swift in Sources */ = {isa = PBXBuildFile; fileRef = DDDF24891F97DF68007111A3 /* MachineTableViewCell.swift */; };
		DDDF248C1F97F0C5007111A3 /* SchoolSearchViewController.swift in Sources */ = {isa = PBXBuildFile; fileRef = DDDF248B1F97F0C5007111A3 /* SchoolSearchViewController.swift */; };
/* End PBXBuildFile section */

/* Begin PBXContainerItemProxy section */
		DDDF24201F979D13007111A3 /* PBXContainerItemProxy */ = {
			isa = PBXContainerItemProxy;
			containerPortal = DDDF24031F979D12007111A3 /* Project object */;
			proxyType = 1;
			remoteGlobalIDString = DDDF240A1F979D12007111A3;
			remoteInfo = LaundryView;
		};
		DDDF242B1F979D13007111A3 /* PBXContainerItemProxy */ = {
			isa = PBXContainerItemProxy;
			containerPortal = DDDF24031F979D12007111A3 /* Project object */;
			proxyType = 1;
			remoteGlobalIDString = DDDF240A1F979D12007111A3;
			remoteInfo = LaundryView;
		};
/* End PBXContainerItemProxy section */

/* Begin PBXFileReference section */
		342E7BDEE61B31F10035A16F /* Pods-LaundryViewUITests.debug.xcconfig */ = {isa = PBXFileReference; includeInIndex = 1; lastKnownFileType = text.xcconfig; name = "Pods-LaundryViewUITests.debug.xcconfig"; path = "Target Support Files/Pods-LaundryViewUITests/Pods-LaundryViewUITests.debug.xcconfig"; sourceTree = "<group>"; };
		6A5AE90F32C55C507D83B2D0 /* Pods-LaundryViewTests.debug.xcconfig */ = {isa = PBXFileReference; includeInIndex = 1; lastKnownFileType = text.xcconfig; name = "Pods-LaundryViewTests.debug.xcconfig"; path = "Target Support Files/Pods-LaundryViewTests/Pods-LaundryViewTests.debug.xcconfig"; sourceTree = "<group>"; };
		7473EC0628A0636B00D2A811 /* HomeTVC.swift */ = {isa = PBXFileReference; lastKnownFileType = sourcecode.swift; path = HomeTVC.swift; sourceTree = "<group>"; };
		7473EC0828A086E600D2A811 /* NSNotifications.swift */ = {isa = PBXFileReference; lastKnownFileType = sourcecode.swift; path = NSNotifications.swift; sourceTree = "<group>"; };
		7473EC0C28A0BDAF00D2A811 /* TabBarController.swift */ = {isa = PBXFileReference; lastKnownFileType = sourcecode.swift; path = TabBarController.swift; sourceTree = "<group>"; };
		8CB3701F2291EE20009B82CC /* LaundryView.entitlements */ = {isa = PBXFileReference; lastKnownFileType = text.plist.entitlements; path = LaundryView.entitlements; sourceTree = "<group>"; };
		8D4AC5A4EFA7B4D866616084 /* Pods-LaundryViewTests.release.xcconfig */ = {isa = PBXFileReference; includeInIndex = 1; lastKnownFileType = text.xcconfig; name = "Pods-LaundryViewTests.release.xcconfig"; path = "Target Support Files/Pods-LaundryViewTests/Pods-LaundryViewTests.release.xcconfig"; sourceTree = "<group>"; };
		8ED5074B013A408084F2912A /* Pods-LaundryViewUITests.release.xcconfig */ = {isa = PBXFileReference; includeInIndex = 1; lastKnownFileType = text.xcconfig; name = "Pods-LaundryViewUITests.release.xcconfig"; path = "Target Support Files/Pods-LaundryViewUITests/Pods-LaundryViewUITests.release.xcconfig"; sourceTree = "<group>"; };
		DDDF240B1F979D12007111A3 /* LaundryView.app */ = {isa = PBXFileReference; explicitFileType = wrapper.application; includeInIndex = 0; path = LaundryView.app; sourceTree = BUILT_PRODUCTS_DIR; };
		DDDF240E1F979D12007111A3 /* AppDelegate.swift */ = {isa = PBXFileReference; lastKnownFileType = sourcecode.swift; path = AppDelegate.swift; sourceTree = "<group>"; };
		DDDF24131F979D12007111A3 /* Base */ = {isa = PBXFileReference; lastKnownFileType = file.storyboard; name = Base; path = Base.lproj/Main.storyboard; sourceTree = "<group>"; };
		DDDF24151F979D12007111A3 /* Assets.xcassets */ = {isa = PBXFileReference; lastKnownFileType = folder.assetcatalog; path = Assets.xcassets; sourceTree = "<group>"; };
		DDDF24181F979D12007111A3 /* Base */ = {isa = PBXFileReference; lastKnownFileType = file.storyboard; name = Base; path = Base.lproj/LaunchScreen.storyboard; sourceTree = "<group>"; };
		DDDF241A1F979D12007111A3 /* Info.plist */ = {isa = PBXFileReference; lastKnownFileType = text.plist.xml; path = Info.plist; sourceTree = "<group>"; };
		DDDF241F1F979D13007111A3 /* LaundryViewTests.xctest */ = {isa = PBXFileReference; explicitFileType = wrapper.cfbundle; includeInIndex = 0; path = LaundryViewTests.xctest; sourceTree = BUILT_PRODUCTS_DIR; };
		DDDF24231F979D13007111A3 /* LaundryViewTests.swift */ = {isa = PBXFileReference; lastKnownFileType = sourcecode.swift; path = LaundryViewTests.swift; sourceTree = "<group>"; };
		DDDF24251F979D13007111A3 /* Info.plist */ = {isa = PBXFileReference; lastKnownFileType = text.plist.xml; path = Info.plist; sourceTree = "<group>"; };
		DDDF242A1F979D13007111A3 /* LaundryViewUITests.xctest */ = {isa = PBXFileReference; explicitFileType = wrapper.cfbundle; includeInIndex = 0; path = LaundryViewUITests.xctest; sourceTree = BUILT_PRODUCTS_DIR; };
		DDDF242E1F979D13007111A3 /* LaundryViewUITests.swift */ = {isa = PBXFileReference; lastKnownFileType = sourcecode.swift; path = LaundryViewUITests.swift; sourceTree = "<group>"; };
		DDDF24301F979D13007111A3 /* Info.plist */ = {isa = PBXFileReference; lastKnownFileType = text.plist.xml; path = Info.plist; sourceTree = "<group>"; };
		DDDF243C1F979FDE007111A3 /* LaundryRoom.swift */ = {isa = PBXFileReference; lastKnownFileType = sourcecode.swift; path = LaundryRoom.swift; sourceTree = "<group>"; };
		DDDF243E1F97A12D007111A3 /* Machine.swift */ = {isa = PBXFileReference; lastKnownFileType = sourcecode.swift; path = Machine.swift; sourceTree = "<group>"; };
		DDDF24411F97A2EE007111A3 /* School.swift */ = {isa = PBXFileReference; lastKnownFileType = sourcecode.swift; path = School.swift; sourceTree = "<group>"; };
		DDDF24801F97AD88007111A3 /* LaundryViewApiService.swift */ = {isa = PBXFileReference; lastKnownFileType = sourcecode.swift; path = LaundryViewApiService.swift; sourceTree = "<group>"; };
		DDDF24851F97BC20007111A3 /* LaundryRoomTableViewController.swift */ = {isa = PBXFileReference; lastKnownFileType = sourcecode.swift; path = LaundryRoomTableViewController.swift; sourceTree = "<group>"; };
		DDDF24871F97C2C9007111A3 /* MachinesViewController.swift */ = {isa = PBXFileReference; lastKnownFileType = sourcecode.swift; path = MachinesViewController.swift; sourceTree = "<group>"; };
		DDDF24891F97DF68007111A3 /* MachineTableViewCell.swift */ = {isa = PBXFileReference; lastKnownFileType = sourcecode.swift; path = MachineTableViewCell.swift; sourceTree = "<group>"; };
		DDDF248B1F97F0C5007111A3 /* SchoolSearchViewController.swift */ = {isa = PBXFileReference; lastKnownFileType = sourcecode.swift; path = SchoolSearchViewController.swift; sourceTree = "<group>"; };
		E0DF513F55A060D3FD5C3966 /* Pods_LaundryViewTests.framework */ = {isa = PBXFileReference; explicitFileType = wrapper.framework; includeInIndex = 0; path = Pods_LaundryViewTests.framework; sourceTree = BUILT_PRODUCTS_DIR; };
		E397C026170274307EC1252D /* Pods-LaundryView.debug.xcconfig */ = {isa = PBXFileReference; includeInIndex = 1; lastKnownFileType = text.xcconfig; name = "Pods-LaundryView.debug.xcconfig"; path = "Target Support Files/Pods-LaundryView/Pods-LaundryView.debug.xcconfig"; sourceTree = "<group>"; };
		EA1946AFE5F2E36E29F286BA /* Pods-LaundryView.release.xcconfig */ = {isa = PBXFileReference; includeInIndex = 1; lastKnownFileType = text.xcconfig; name = "Pods-LaundryView.release.xcconfig"; path = "Target Support Files/Pods-LaundryView/Pods-LaundryView.release.xcconfig"; sourceTree = "<group>"; };
		EE0C9EAF64AA7FE40ADD5E31 /* Pods_LaundryView.framework */ = {isa = PBXFileReference; explicitFileType = wrapper.framework; includeInIndex = 0; path = Pods_LaundryView.framework; sourceTree = BUILT_PRODUCTS_DIR; };
		EE9FF5AE20564283C59F224A /* Pods_LaundryViewUITests.framework */ = {isa = PBXFileReference; explicitFileType = wrapper.framework; includeInIndex = 0; path = Pods_LaundryViewUITests.framework; sourceTree = BUILT_PRODUCTS_DIR; };
/* End PBXFileReference section */

/* Begin PBXFrameworksBuildPhase section */
		DDDF24081F979D12007111A3 /* Frameworks */ = {
			isa = PBXFrameworksBuildPhase;
			buildActionMask = 2147483647;
			files = (
				1AC66AA13E602016D20C11F0 /* Pods_LaundryView.framework in Frameworks */,
			);
			runOnlyForDeploymentPostprocessing = 0;
		};
		DDDF241C1F979D13007111A3 /* Frameworks */ = {
			isa = PBXFrameworksBuildPhase;
			buildActionMask = 2147483647;
			files = (
				3A2A48091B46ED30B0409B8C /* Pods_LaundryViewTests.framework in Frameworks */,
			);
			runOnlyForDeploymentPostprocessing = 0;
		};
		DDDF24271F979D13007111A3 /* Frameworks */ = {
			isa = PBXFrameworksBuildPhase;
			buildActionMask = 2147483647;
			files = (
				9C7C363E64EFF5DA5C701E93 /* Pods_LaundryViewUITests.framework in Frameworks */,
			);
			runOnlyForDeploymentPostprocessing = 0;
		};
/* End PBXFrameworksBuildPhase section */

/* Begin PBXGroup section */
		BB7426C2F554C9687BE3EBCA /* Frameworks */ = {
			isa = PBXGroup;
			children = (
				EE0C9EAF64AA7FE40ADD5E31 /* Pods_LaundryView.framework */,
				E0DF513F55A060D3FD5C3966 /* Pods_LaundryViewTests.framework */,
				EE9FF5AE20564283C59F224A /* Pods_LaundryViewUITests.framework */,
			);
			name = Frameworks;
			sourceTree = "<group>";
		};
		D90C822855C2ECAE3298758E /* Pods */ = {
			isa = PBXGroup;
			children = (
				E397C026170274307EC1252D /* Pods-LaundryView.debug.xcconfig */,
				EA1946AFE5F2E36E29F286BA /* Pods-LaundryView.release.xcconfig */,
				6A5AE90F32C55C507D83B2D0 /* Pods-LaundryViewTests.debug.xcconfig */,
				8D4AC5A4EFA7B4D866616084 /* Pods-LaundryViewTests.release.xcconfig */,
				342E7BDEE61B31F10035A16F /* Pods-LaundryViewUITests.debug.xcconfig */,
				8ED5074B013A408084F2912A /* Pods-LaundryViewUITests.release.xcconfig */,
			);
			path = Pods;
			sourceTree = "<group>";
		};
		DDDF24021F979D12007111A3 = {
			isa = PBXGroup;
			children = (
				DDDF240D1F979D12007111A3 /* LaundryView */,
				DDDF24221F979D13007111A3 /* LaundryViewTests */,
				DDDF242D1F979D13007111A3 /* LaundryViewUITests */,
				DDDF240C1F979D12007111A3 /* Products */,
				D90C822855C2ECAE3298758E /* Pods */,
				BB7426C2F554C9687BE3EBCA /* Frameworks */,
			);
			sourceTree = "<group>";
		};
		DDDF240C1F979D12007111A3 /* Products */ = {
			isa = PBXGroup;
			children = (
				DDDF240B1F979D12007111A3 /* LaundryView.app */,
				DDDF241F1F979D13007111A3 /* LaundryViewTests.xctest */,
				DDDF242A1F979D13007111A3 /* LaundryViewUITests.xctest */,
			);
			name = Products;
			sourceTree = "<group>";
		};
		DDDF240D1F979D12007111A3 /* LaundryView */ = {
			isa = PBXGroup;
			children = (
				8CB3701F2291EE20009B82CC /* LaundryView.entitlements */,
				DDDF240E1F979D12007111A3 /* AppDelegate.swift */,
				DDDF24401F97A134007111A3 /* data */,
				DDDF24851F97BC20007111A3 /* LaundryRoomTableViewController.swift */,
				7473EC0628A0636B00D2A811 /* HomeTVC.swift */,
				DDDF24871F97C2C9007111A3 /* MachinesViewController.swift */,
				7473EC0828A086E600D2A811 /* NSNotifications.swift */,
				DDDF24891F97DF68007111A3 /* MachineTableViewCell.swift */,
				DDDF248B1F97F0C5007111A3 /* SchoolSearchViewController.swift */,
				DDDF24121F979D12007111A3 /* Main.storyboard */,
				7473EC0C28A0BDAF00D2A811 /* TabBarController.swift */,
				DDDF24151F979D12007111A3 /* Assets.xcassets */,
				DDDF24171F979D12007111A3 /* LaunchScreen.storyboard */,
				DDDF241A1F979D12007111A3 /* Info.plist */,
			);
			path = LaundryView;
			sourceTree = "<group>";
		};
		DDDF24221F979D13007111A3 /* LaundryViewTests */ = {
			isa = PBXGroup;
			children = (
				DDDF24231F979D13007111A3 /* LaundryViewTests.swift */,
				DDDF24251F979D13007111A3 /* Info.plist */,
			);
			path = LaundryViewTests;
			sourceTree = "<group>";
		};
		DDDF242D1F979D13007111A3 /* LaundryViewUITests */ = {
			isa = PBXGroup;
			children = (
				DDDF242E1F979D13007111A3 /* LaundryViewUITests.swift */,
				DDDF24301F979D13007111A3 /* Info.plist */,
			);
			path = LaundryViewUITests;
			sourceTree = "<group>";
		};
		DDDF24401F97A134007111A3 /* data */ = {
			isa = PBXGroup;
			children = (
				DDDF243C1F979FDE007111A3 /* LaundryRoom.swift */,
				DDDF243E1F97A12D007111A3 /* Machine.swift */,
				DDDF24411F97A2EE007111A3 /* School.swift */,
				DDDF24801F97AD88007111A3 /* LaundryViewApiService.swift */,
			);
			path = data;
			sourceTree = "<group>";
		};
/* End PBXGroup section */

/* Begin PBXNativeTarget section */
		DDDF240A1F979D12007111A3 /* LaundryView */ = {
			isa = PBXNativeTarget;
			buildConfigurationList = DDDF24331F979D13007111A3 /* Build configuration list for PBXNativeTarget "LaundryView" */;
			buildPhases = (
				5D458EDCA01A3AF436BA2254 /* [CP] Check Pods Manifest.lock */,
				DDDF24071F979D12007111A3 /* Sources */,
				DDDF24081F979D12007111A3 /* Frameworks */,
				DDDF24091F979D12007111A3 /* Resources */,
				8CB3702022921693009B82CC /* ShellScript */,
				B0FDB36573404580FE6DE5AB /* [CP] Embed Pods Frameworks */,
			);
			buildRules = (
			);
			dependencies = (
			);
			name = LaundryView;
			productName = LaundryView;
			productReference = DDDF240B1F979D12007111A3 /* LaundryView.app */;
			productType = "com.apple.product-type.application";
		};
		DDDF241E1F979D13007111A3 /* LaundryViewTests */ = {
			isa = PBXNativeTarget;
			buildConfigurationList = DDDF24361F979D13007111A3 /* Build configuration list for PBXNativeTarget "LaundryViewTests" */;
			buildPhases = (
				16237135F313D4F1177ECC04 /* [CP] Check Pods Manifest.lock */,
				DDDF241B1F979D13007111A3 /* Sources */,
				DDDF241C1F979D13007111A3 /* Frameworks */,
				DDDF241D1F979D13007111A3 /* Resources */,
			);
			buildRules = (
			);
			dependencies = (
				DDDF24211F979D13007111A3 /* PBXTargetDependency */,
			);
			name = LaundryViewTests;
			productName = LaundryViewTests;
			productReference = DDDF241F1F979D13007111A3 /* LaundryViewTests.xctest */;
			productType = "com.apple.product-type.bundle.unit-test";
		};
		DDDF24291F979D13007111A3 /* LaundryViewUITests */ = {
			isa = PBXNativeTarget;
			buildConfigurationList = DDDF24391F979D13007111A3 /* Build configuration list for PBXNativeTarget "LaundryViewUITests" */;
			buildPhases = (
				976389FC58D966CAE98E449B /* [CP] Check Pods Manifest.lock */,
				DDDF24261F979D13007111A3 /* Sources */,
				DDDF24271F979D13007111A3 /* Frameworks */,
				DDDF24281F979D13007111A3 /* Resources */,
			);
			buildRules = (
			);
			dependencies = (
				DDDF242C1F979D13007111A3 /* PBXTargetDependency */,
			);
			name = LaundryViewUITests;
			productName = LaundryViewUITests;
			productReference = DDDF242A1F979D13007111A3 /* LaundryViewUITests.xctest */;
			productType = "com.apple.product-type.bundle.ui-testing";
		};
/* End PBXNativeTarget section */

/* Begin PBXProject section */
		DDDF24031F979D12007111A3 /* Project object */ = {
			isa = PBXProject;
			attributes = {
				LastSwiftUpdateCheck = 0900;
				LastUpgradeCheck = 0900;
				ORGANIZATIONNAME = "Jacob Burroughs";
				TargetAttributes = {
					DDDF240A1F979D12007111A3 = {
						CreatedOnToolsVersion = 9.0;
						LastSwiftMigration = 0900;
						ProvisioningStyle = Automatic;
						SystemCapabilities = {
							com.apple.Push = {
								enabled = 1;
							};
						};
					};
					DDDF241E1F979D13007111A3 = {
						CreatedOnToolsVersion = 9.0;
						ProvisioningStyle = Automatic;
						TestTargetID = DDDF240A1F979D12007111A3;
					};
					DDDF24291F979D13007111A3 = {
						CreatedOnToolsVersion = 9.0;
						ProvisioningStyle = Automatic;
						TestTargetID = DDDF240A1F979D12007111A3;
					};
				};
			};
			buildConfigurationList = DDDF24061F979D12007111A3 /* Build configuration list for PBXProject "LaundryView" */;
			compatibilityVersion = "Xcode 8.0";
			developmentRegion = en;
			hasScannedForEncodings = 0;
			knownRegions = (
				en,
				Base,
			);
			mainGroup = DDDF24021F979D12007111A3;
			productRefGroup = DDDF240C1F979D12007111A3 /* Products */;
			projectDirPath = "";
			projectRoot = "";
			targets = (
				DDDF240A1F979D12007111A3 /* LaundryView */,
				DDDF241E1F979D13007111A3 /* LaundryViewTests */,
				DDDF24291F979D13007111A3 /* LaundryViewUITests */,
			);
		};
/* End PBXProject section */

/* Begin PBXResourcesBuildPhase section */
		DDDF24091F979D12007111A3 /* Resources */ = {
			isa = PBXResourcesBuildPhase;
			buildActionMask = 2147483647;
			files = (
				DDDF24191F979D12007111A3 /* LaunchScreen.storyboard in Resources */,
				DDDF24161F979D12007111A3 /* Assets.xcassets in Resources */,
				DDDF24141F979D12007111A3 /* Main.storyboard in Resources */,
			);
			runOnlyForDeploymentPostprocessing = 0;
		};
		DDDF241D1F979D13007111A3 /* Resources */ = {
			isa = PBXResourcesBuildPhase;
			buildActionMask = 2147483647;
			files = (
			);
			runOnlyForDeploymentPostprocessing = 0;
		};
		DDDF24281F979D13007111A3 /* Resources */ = {
			isa = PBXResourcesBuildPhase;
			buildActionMask = 2147483647;
			files = (
			);
			runOnlyForDeploymentPostprocessing = 0;
		};
/* End PBXResourcesBuildPhase section */

/* Begin PBXShellScriptBuildPhase section */
		16237135F313D4F1177ECC04 /* [CP] Check Pods Manifest.lock */ = {
			isa = PBXShellScriptBuildPhase;
			buildActionMask = 2147483647;
			files = (
			);
			inputFileListPaths = (
			);
			inputPaths = (
				"${PODS_PODFILE_DIR_PATH}/Podfile.lock",
				"${PODS_ROOT}/Manifest.lock",
			);
			name = "[CP] Check Pods Manifest.lock";
			outputFileListPaths = (
			);
			outputPaths = (
				"$(DERIVED_FILE_DIR)/Pods-LaundryViewTests-checkManifestLockResult.txt",
			);
			runOnlyForDeploymentPostprocessing = 0;
			shellPath = /bin/sh;
			shellScript = "diff \"${PODS_PODFILE_DIR_PATH}/Podfile.lock\" \"${PODS_ROOT}/Manifest.lock\" > /dev/null\nif [ $? != 0 ] ; then\n    # print error to STDERR\n    echo \"error: The sandbox is not in sync with the Podfile.lock. Run 'pod install' or update your CocoaPods installation.\" >&2\n    exit 1\nfi\n# This output is used by Xcode 'outputs' to avoid re-running this script phase.\necho \"SUCCESS\" > \"${SCRIPT_OUTPUT_FILE_0}\"\n";
			showEnvVarsInLog = 0;
		};
		5D458EDCA01A3AF436BA2254 /* [CP] Check Pods Manifest.lock */ = {
			isa = PBXShellScriptBuildPhase;
			buildActionMask = 2147483647;
			files = (
			);
			inputFileListPaths = (
			);
			inputPaths = (
				"${PODS_PODFILE_DIR_PATH}/Podfile.lock",
				"${PODS_ROOT}/Manifest.lock",
			);
			name = "[CP] Check Pods Manifest.lock";
			outputFileListPaths = (
			);
			outputPaths = (
				"$(DERIVED_FILE_DIR)/Pods-LaundryView-checkManifestLockResult.txt",
			);
			runOnlyForDeploymentPostprocessing = 0;
			shellPath = /bin/sh;
			shellScript = "diff \"${PODS_PODFILE_DIR_PATH}/Podfile.lock\" \"${PODS_ROOT}/Manifest.lock\" > /dev/null\nif [ $? != 0 ] ; then\n    # print error to STDERR\n    echo \"error: The sandbox is not in sync with the Podfile.lock. Run 'pod install' or update your CocoaPods installation.\" >&2\n    exit 1\nfi\n# This output is used by Xcode 'outputs' to avoid re-running this script phase.\necho \"SUCCESS\" > \"${SCRIPT_OUTPUT_FILE_0}\"\n";
			showEnvVarsInLog = 0;
		};
		8CB3702022921693009B82CC /* ShellScript */ = {
			isa = PBXShellScriptBuildPhase;
			buildActionMask = 2147483647;
			files = (
			);
			inputFileListPaths = (
			);
			inputPaths = (
			);
			outputFileListPaths = (
			);
			outputPaths = (
			);
			runOnlyForDeploymentPostprocessing = 0;
			shellPath = /bin/sh;
			shellScript = "if which sentry-cli >/dev/null; then\nexport SENTRY_ORG=jacob-burroughs\nexport SENTRY_PROJECT=laundryview-ios\nexport SENTRY_AUTH_TOKEN=c329f416f5f74d37bf9e10730df5dc38eaacdf9ad566492f964dfa00bd638e06\nERROR=$(sentry-cli upload-dif \"$DWARF_DSYM_FOLDER_PATH\" 2>&1 >/dev/null)\nif [ ! $? -eq 0 ]; then\necho \"warning: sentry-cli - $ERROR\"\nfi\nelse\necho \"warning: sentry-cli not installed, download from https://github.com/getsentry/sentry-cli/releases\"\nfi\n";
		};
		976389FC58D966CAE98E449B /* [CP] Check Pods Manifest.lock */ = {
			isa = PBXShellScriptBuildPhase;
			buildActionMask = 2147483647;
			files = (
			);
			inputFileListPaths = (
			);
			inputPaths = (
				"${PODS_PODFILE_DIR_PATH}/Podfile.lock",
				"${PODS_ROOT}/Manifest.lock",
			);
			name = "[CP] Check Pods Manifest.lock";
			outputFileListPaths = (
			);
			outputPaths = (
				"$(DERIVED_FILE_DIR)/Pods-LaundryViewUITests-checkManifestLockResult.txt",
			);
			runOnlyForDeploymentPostprocessing = 0;
			shellPath = /bin/sh;
			shellScript = "diff \"${PODS_PODFILE_DIR_PATH}/Podfile.lock\" \"${PODS_ROOT}/Manifest.lock\" > /dev/null\nif [ $? != 0 ] ; then\n    # print error to STDERR\n    echo \"error: The sandbox is not in sync with the Podfile.lock. Run 'pod install' or update your CocoaPods installation.\" >&2\n    exit 1\nfi\n# This output is used by Xcode 'outputs' to avoid re-running this script phase.\necho \"SUCCESS\" > \"${SCRIPT_OUTPUT_FILE_0}\"\n";
			showEnvVarsInLog = 0;
		};
		B0FDB36573404580FE6DE5AB /* [CP] Embed Pods Frameworks */ = {
			isa = PBXShellScriptBuildPhase;
			buildActionMask = 2147483647;
			files = (
			);
			inputPaths = (
				"${PODS_ROOT}/Target Support Files/Pods-LaundryView/Pods-LaundryView-frameworks.sh",
				"${BUILT_PRODUCTS_DIR}/Alamofire/Alamofire.framework",
				"${BUILT_PRODUCTS_DIR}/BadgeSwift/BadgeSwift.framework",
				"${BUILT_PRODUCTS_DIR}/JGProgressHUD/JGProgressHUD.framework",
				"${BUILT_PRODUCTS_DIR}/Sentry/Sentry.framework",
			);
			name = "[CP] Embed Pods Frameworks";
			outputPaths = (
				"${TARGET_BUILD_DIR}/${FRAMEWORKS_FOLDER_PATH}/Alamofire.framework",
				"${TARGET_BUILD_DIR}/${FRAMEWORKS_FOLDER_PATH}/BadgeSwift.framework",
				"${TARGET_BUILD_DIR}/${FRAMEWORKS_FOLDER_PATH}/JGProgressHUD.framework",
				"${TARGET_BUILD_DIR}/${FRAMEWORKS_FOLDER_PATH}/Sentry.framework",
			);
			runOnlyForDeploymentPostprocessing = 0;
			shellPath = /bin/sh;
			shellScript = "\"${PODS_ROOT}/Target Support Files/Pods-LaundryView/Pods-LaundryView-frameworks.sh\"\n";
			showEnvVarsInLog = 0;
		};
/* End PBXShellScriptBuildPhase section */

/* Begin PBXSourcesBuildPhase section */
		DDDF24071F979D12007111A3 /* Sources */ = {
			isa = PBXSourcesBuildPhase;
			buildActionMask = 2147483647;
			files = (
				DDDF243F1F97A12D007111A3 /* Machine.swift in Sources */,
				DDDF248A1F97DF68007111A3 /* MachineTableViewCell.swift in Sources */,
				7473EC0928A086E600D2A811 /* NSNotifications.swift in Sources */,
				DDDF240F1F979D12007111A3 /* AppDelegate.swift in Sources */,
				7473EC0728A0636B00D2A811 /* HomeTVC.swift in Sources */,
				DDDF248C1F97F0C5007111A3 /* SchoolSearchViewController.swift in Sources */,
				DDDF24861F97BC20007111A3 /* LaundryRoomTableViewController.swift in Sources */,
				DDDF24811F97AD88007111A3 /* LaundryViewApiService.swift in Sources */,
				DDDF24421F97A2EE007111A3 /* School.swift in Sources */,
				7473EC0D28A0BDAF00D2A811 /* TabBarController.swift in Sources */,
				DDDF24881F97C2C9007111A3 /* MachinesViewController.swift in Sources */,
				DDDF243D1F979FDE007111A3 /* LaundryRoom.swift in Sources */,
			);
			runOnlyForDeploymentPostprocessing = 0;
		};
		DDDF241B1F979D13007111A3 /* Sources */ = {
			isa = PBXSourcesBuildPhase;
			buildActionMask = 2147483647;
			files = (
				DDDF24241F979D13007111A3 /* LaundryViewTests.swift in Sources */,
			);
			runOnlyForDeploymentPostprocessing = 0;
		};
		DDDF24261F979D13007111A3 /* Sources */ = {
			isa = PBXSourcesBuildPhase;
			buildActionMask = 2147483647;
			files = (
				DDDF242F1F979D13007111A3 /* LaundryViewUITests.swift in Sources */,
			);
			runOnlyForDeploymentPostprocessing = 0;
		};
/* End PBXSourcesBuildPhase section */

/* Begin PBXTargetDependency section */
		DDDF24211F979D13007111A3 /* PBXTargetDependency */ = {
			isa = PBXTargetDependency;
			target = DDDF240A1F979D12007111A3 /* LaundryView */;
			targetProxy = DDDF24201F979D13007111A3 /* PBXContainerItemProxy */;
		};
		DDDF242C1F979D13007111A3 /* PBXTargetDependency */ = {
			isa = PBXTargetDependency;
			target = DDDF240A1F979D12007111A3 /* LaundryView */;
			targetProxy = DDDF242B1F979D13007111A3 /* PBXContainerItemProxy */;
		};
/* End PBXTargetDependency section */

/* Begin PBXVariantGroup section */
		DDDF24121F979D12007111A3 /* Main.storyboard */ = {
			isa = PBXVariantGroup;
			children = (
				DDDF24131F979D12007111A3 /* Base */,
			);
			name = Main.storyboard;
			sourceTree = "<group>";
		};
		DDDF24171F979D12007111A3 /* LaunchScreen.storyboard */ = {
			isa = PBXVariantGroup;
			children = (
				DDDF24181F979D12007111A3 /* Base */,
			);
			name = LaunchScreen.storyboard;
			sourceTree = "<group>";
		};
/* End PBXVariantGroup section */

/* Begin XCBuildConfiguration section */
		DDDF24311F979D13007111A3 /* Debug */ = {
			isa = XCBuildConfiguration;
			buildSettings = {
				ALWAYS_SEARCH_USER_PATHS = NO;
				CLANG_ANALYZER_NONNULL = YES;
				CLANG_ANALYZER_NUMBER_OBJECT_CONVERSION = YES_AGGRESSIVE;
				CLANG_CXX_LANGUAGE_STANDARD = "gnu++14";
				CLANG_CXX_LIBRARY = "libc++";
				CLANG_ENABLE_MODULES = YES;
				CLANG_ENABLE_OBJC_ARC = YES;
				CLANG_WARN_BLOCK_CAPTURE_AUTORELEASING = YES;
				CLANG_WARN_BOOL_CONVERSION = YES;
				CLANG_WARN_COMMA = YES;
				CLANG_WARN_CONSTANT_CONVERSION = YES;
				CLANG_WARN_DEPRECATED_OBJC_IMPLEMENTATIONS = YES;
				CLANG_WARN_DIRECT_OBJC_ISA_USAGE = YES_ERROR;
				CLANG_WARN_DOCUMENTATION_COMMENTS = YES;
				CLANG_WARN_EMPTY_BODY = YES;
				CLANG_WARN_ENUM_CONVERSION = YES;
				CLANG_WARN_INFINITE_RECURSION = YES;
				CLANG_WARN_INT_CONVERSION = YES;
				CLANG_WARN_NON_LITERAL_NULL_CONVERSION = YES;
				CLANG_WARN_OBJC_IMPLICIT_RETAIN_SELF = YES;
				CLANG_WARN_OBJC_LITERAL_CONVERSION = YES;
				CLANG_WARN_OBJC_ROOT_CLASS = YES_ERROR;
				CLANG_WARN_RANGE_LOOP_ANALYSIS = YES;
				CLANG_WARN_STRICT_PROTOTYPES = YES;
				CLANG_WARN_SUSPICIOUS_MOVE = YES;
				CLANG_WARN_UNGUARDED_AVAILABILITY = YES_AGGRESSIVE;
				CLANG_WARN_UNREACHABLE_CODE = YES;
				CLANG_WARN__DUPLICATE_METHOD_MATCH = YES;
				CODE_SIGN_IDENTITY = "iPhone Developer";
				COPY_PHASE_STRIP = NO;
				DEBUG_INFORMATION_FORMAT = dwarf;
				ENABLE_STRICT_OBJC_MSGSEND = YES;
				ENABLE_TESTABILITY = YES;
				GCC_C_LANGUAGE_STANDARD = gnu11;
				GCC_DYNAMIC_NO_PIC = NO;
				GCC_NO_COMMON_BLOCKS = YES;
				GCC_OPTIMIZATION_LEVEL = 0;
				GCC_PREPROCESSOR_DEFINITIONS = (
					"DEBUG=1",
					"$(inherited)",
				);
				GCC_WARN_64_TO_32_BIT_CONVERSION = YES;
				GCC_WARN_ABOUT_RETURN_TYPE = YES_ERROR;
				GCC_WARN_UNDECLARED_SELECTOR = YES;
				GCC_WARN_UNINITIALIZED_AUTOS = YES_AGGRESSIVE;
				GCC_WARN_UNUSED_FUNCTION = YES;
				GCC_WARN_UNUSED_VARIABLE = YES;
				IPHONEOS_DEPLOYMENT_TARGET = 11.0;
				MTL_ENABLE_DEBUG_INFO = YES;
				ONLY_ACTIVE_ARCH = YES;
				SDKROOT = iphoneos;
				SWIFT_ACTIVE_COMPILATION_CONDITIONS = DEBUG;
				SWIFT_OPTIMIZATION_LEVEL = "-Onone";
			};
			name = Debug;
		};
		DDDF24321F979D13007111A3 /* Release */ = {
			isa = XCBuildConfiguration;
			buildSettings = {
				ALWAYS_SEARCH_USER_PATHS = NO;
				CLANG_ANALYZER_NONNULL = YES;
				CLANG_ANALYZER_NUMBER_OBJECT_CONVERSION = YES_AGGRESSIVE;
				CLANG_CXX_LANGUAGE_STANDARD = "gnu++14";
				CLANG_CXX_LIBRARY = "libc++";
				CLANG_ENABLE_MODULES = YES;
				CLANG_ENABLE_OBJC_ARC = YES;
				CLANG_WARN_BLOCK_CAPTURE_AUTORELEASING = YES;
				CLANG_WARN_BOOL_CONVERSION = YES;
				CLANG_WARN_COMMA = YES;
				CLANG_WARN_CONSTANT_CONVERSION = YES;
				CLANG_WARN_DEPRECATED_OBJC_IMPLEMENTATIONS = YES;
				CLANG_WARN_DIRECT_OBJC_ISA_USAGE = YES_ERROR;
				CLANG_WARN_DOCUMENTATION_COMMENTS = YES;
				CLANG_WARN_EMPTY_BODY = YES;
				CLANG_WARN_ENUM_CONVERSION = YES;
				CLANG_WARN_INFINITE_RECURSION = YES;
				CLANG_WARN_INT_CONVERSION = YES;
				CLANG_WARN_NON_LITERAL_NULL_CONVERSION = YES;
				CLANG_WARN_OBJC_IMPLICIT_RETAIN_SELF = YES;
				CLANG_WARN_OBJC_LITERAL_CONVERSION = YES;
				CLANG_WARN_OBJC_ROOT_CLASS = YES_ERROR;
				CLANG_WARN_RANGE_LOOP_ANALYSIS = YES;
				CLANG_WARN_STRICT_PROTOTYPES = YES;
				CLANG_WARN_SUSPICIOUS_MOVE = YES;
				CLANG_WARN_UNGUARDED_AVAILABILITY = YES_AGGRESSIVE;
				CLANG_WARN_UNREACHABLE_CODE = YES;
				CLANG_WARN__DUPLICATE_METHOD_MATCH = YES;
				CODE_SIGN_IDENTITY = "iPhone Developer";
				COPY_PHASE_STRIP = NO;
				DEBUG_INFORMATION_FORMAT = "dwarf-with-dsym";
				ENABLE_NS_ASSERTIONS = NO;
				ENABLE_STRICT_OBJC_MSGSEND = YES;
				GCC_C_LANGUAGE_STANDARD = gnu11;
				GCC_NO_COMMON_BLOCKS = YES;
				GCC_WARN_64_TO_32_BIT_CONVERSION = YES;
				GCC_WARN_ABOUT_RETURN_TYPE = YES_ERROR;
				GCC_WARN_UNDECLARED_SELECTOR = YES;
				GCC_WARN_UNINITIALIZED_AUTOS = YES_AGGRESSIVE;
				GCC_WARN_UNUSED_FUNCTION = YES;
				GCC_WARN_UNUSED_VARIABLE = YES;
				IPHONEOS_DEPLOYMENT_TARGET = 11.0;
				MTL_ENABLE_DEBUG_INFO = NO;
				SDKROOT = iphoneos;
				SWIFT_OPTIMIZATION_LEVEL = "-Owholemodule";
				VALIDATE_PRODUCT = YES;
			};
			name = Release;
		};
		DDDF24341F979D13007111A3 /* Debug */ = {
			isa = XCBuildConfiguration;
			baseConfigurationReference = E397C026170274307EC1252D /* Pods-LaundryView.debug.xcconfig */;
			buildSettings = {
				ASSETCATALOG_COMPILER_APPICON_NAME = AppIcon;
				CLANG_ENABLE_MODULES = YES;
				CODE_SIGN_ENTITLEMENTS = LaundryView/LaundryView.entitlements;
				CODE_SIGN_STYLE = Automatic;
				CURRENT_PROJECT_VERSION = 1;
				DEVELOPMENT_TEAM = 5E845TX3E6;
				INFOPLIST_FILE = LaundryView/Info.plist;
				IPHONEOS_DEPLOYMENT_TARGET = 10.0;
				LD_RUNPATH_SEARCH_PATHS = "$(inherited) @executable_path/Frameworks";
				MARKETING_VERSION = 1.2;
				PRODUCT_BUNDLE_IDENTIFIER = com.maths22.LaundryViewPlusPlus;
				PRODUCT_NAME = "$(TARGET_NAME)";
				SWIFT_OBJC_BRIDGING_HEADER = "";
				SWIFT_OPTIMIZATION_LEVEL = "-Onone";
				SWIFT_VERSION = 5.0;
				TARGETED_DEVICE_FAMILY = "1,2";
			};
			name = Debug;
		};
		DDDF24351F979D13007111A3 /* Release */ = {
			isa = XCBuildConfiguration;
			baseConfigurationReference = EA1946AFE5F2E36E29F286BA /* Pods-LaundryView.release.xcconfig */;
			buildSettings = {
				ASSETCATALOG_COMPILER_APPICON_NAME = AppIcon;
				CLANG_ENABLE_MODULES = YES;
				CODE_SIGN_ENTITLEMENTS = LaundryView/LaundryView.entitlements;
				CODE_SIGN_STYLE = Automatic;
				CURRENT_PROJECT_VERSION = 1;
				DEVELOPMENT_TEAM = 5E845TX3E6;
				INFOPLIST_FILE = LaundryView/Info.plist;
				IPHONEOS_DEPLOYMENT_TARGET = 10.0;
				LD_RUNPATH_SEARCH_PATHS = "$(inherited) @executable_path/Frameworks";
				MARKETING_VERSION = 1.2;
				PRODUCT_BUNDLE_IDENTIFIER = com.maths22.LaundryViewPlusPlus;
				PRODUCT_NAME = "$(TARGET_NAME)";
				SWIFT_OBJC_BRIDGING_HEADER = "";
				SWIFT_VERSION = 5.0;
				TARGETED_DEVICE_FAMILY = "1,2";
			};
			name = Release;
		};
		DDDF24371F979D13007111A3 /* Debug */ = {
			isa = XCBuildConfiguration;
			baseConfigurationReference = 6A5AE90F32C55C507D83B2D0 /* Pods-LaundryViewTests.debug.xcconfig */;
			buildSettings = {
				ALWAYS_EMBED_SWIFT_STANDARD_LIBRARIES = YES;
				BUNDLE_LOADER = "$(TEST_HOST)";
				CODE_SIGN_STYLE = Automatic;
				INFOPLIST_FILE = LaundryViewTests/Info.plist;
				LD_RUNPATH_SEARCH_PATHS = "$(inherited) @executable_path/Frameworks @loader_path/Frameworks";
				PRODUCT_BUNDLE_IDENTIFIER = com.maths22.LaundryViewTests;
				PRODUCT_NAME = "$(TARGET_NAME)";
				SWIFT_VERSION = 4.0;
				TARGETED_DEVICE_FAMILY = "1,2";
				TEST_HOST = "$(BUILT_PRODUCTS_DIR)/LaundryView.app/LaundryView";
			};
			name = Debug;
		};
		DDDF24381F979D13007111A3 /* Release */ = {
			isa = XCBuildConfiguration;
			baseConfigurationReference = 8D4AC5A4EFA7B4D866616084 /* Pods-LaundryViewTests.release.xcconfig */;
			buildSettings = {
				ALWAYS_EMBED_SWIFT_STANDARD_LIBRARIES = YES;
				BUNDLE_LOADER = "$(TEST_HOST)";
				CODE_SIGN_STYLE = Automatic;
				INFOPLIST_FILE = LaundryViewTests/Info.plist;
				LD_RUNPATH_SEARCH_PATHS = "$(inherited) @executable_path/Frameworks @loader_path/Frameworks";
				PRODUCT_BUNDLE_IDENTIFIER = com.maths22.LaundryViewTests;
				PRODUCT_NAME = "$(TARGET_NAME)";
				SWIFT_VERSION = 4.0;
				TARGETED_DEVICE_FAMILY = "1,2";
				TEST_HOST = "$(BUILT_PRODUCTS_DIR)/LaundryView.app/LaundryView";
			};
			name = Release;
		};
		DDDF243A1F979D13007111A3 /* Debug */ = {
			isa = XCBuildConfiguration;
			baseConfigurationReference = 342E7BDEE61B31F10035A16F /* Pods-LaundryViewUITests.debug.xcconfig */;
			buildSettings = {
				ALWAYS_EMBED_SWIFT_STANDARD_LIBRARIES = YES;
				CODE_SIGN_STYLE = Automatic;
				INFOPLIST_FILE = LaundryViewUITests/Info.plist;
				LD_RUNPATH_SEARCH_PATHS = "$(inherited) @executable_path/Frameworks @loader_path/Frameworks";
				PRODUCT_BUNDLE_IDENTIFIER = com.maths22.LaundryViewUITests;
				PRODUCT_NAME = "$(TARGET_NAME)";
				SWIFT_VERSION = 4.0;
				TARGETED_DEVICE_FAMILY = "1,2";
				TEST_TARGET_NAME = LaundryView;
			};
			name = Debug;
		};
		DDDF243B1F979D13007111A3 /* Release */ = {
			isa = XCBuildConfiguration;
			baseConfigurationReference = 8ED5074B013A408084F2912A /* Pods-LaundryViewUITests.release.xcconfig */;
			buildSettings = {
				ALWAYS_EMBED_SWIFT_STANDARD_LIBRARIES = YES;
				CODE_SIGN_STYLE = Automatic;
				INFOPLIST_FILE = LaundryViewUITests/Info.plist;
				LD_RUNPATH_SEARCH_PATHS = "$(inherited) @executable_path/Frameworks @loader_path/Frameworks";
				PRODUCT_BUNDLE_IDENTIFIER = com.maths22.LaundryViewUITests;
				PRODUCT_NAME = "$(TARGET_NAME)";
				SWIFT_VERSION = 4.0;
				TARGETED_DEVICE_FAMILY = "1,2";
				TEST_TARGET_NAME = LaundryView;
			};
			name = Release;
		};
/* End XCBuildConfiguration section */

/* Begin XCConfigurationList section */
		DDDF24061F979D12007111A3 /* Build configuration list for PBXProject "LaundryView" */ = {
			isa = XCConfigurationList;
			buildConfigurations = (
				DDDF24311F979D13007111A3 /* Debug */,
				DDDF24321F979D13007111A3 /* Release */,
			);
			defaultConfigurationIsVisible = 0;
			defaultConfigurationName = Release;
		};
		DDDF24331F979D13007111A3 /* Build configuration list for PBXNativeTarget "LaundryView" */ = {
			isa = XCConfigurationList;
			buildConfigurations = (
				DDDF24341F979D13007111A3 /* Debug */,
				DDDF24351F979D13007111A3 /* Release */,
			);
			defaultConfigurationIsVisible = 0;
			defaultConfigurationName = Release;
		};
		DDDF24361F979D13007111A3 /* Build configuration list for PBXNativeTarget "LaundryViewTests" */ = {
			isa = XCConfigurationList;
			buildConfigurations = (
				DDDF24371F979D13007111A3 /* Debug */,
				DDDF24381F979D13007111A3 /* Release */,
			);
			defaultConfigurationIsVisible = 0;
			defaultConfigurationName = Release;
		};
		DDDF24391F979D13007111A3 /* Build configuration list for PBXNativeTarget "LaundryViewUITests" */ = {
			isa = XCConfigurationList;
			buildConfigurations = (
				DDDF243A1F979D13007111A3 /* Debug */,
				DDDF243B1F979D13007111A3 /* Release */,
			);
			defaultConfigurationIsVisible = 0;
			defaultConfigurationName = Release;
		};
/* End XCConfigurationList section */
	};
	rootObject = DDDF24031F979D12007111A3 /* Project object */;
}
